// !$*UTF8*$!
{
	archiveVersion = 1;
	classes = {
	};
	objectVersion = 48;
	objects = {

/* Begin PBXBuildFile section */
		616654EC41BD1B7183A379FE /* Pods_SmogInfo.framework in Frameworks */ = {isa = PBXBuildFile; fileRef = 32BACB891A6686E0D91CB0D3 /* Pods_SmogInfo.framework */; };
		F4162B8D201BB21F0040C576 /* StationTableViewCell.swift in Sources */ = {isa = PBXBuildFile; fileRef = F4162B8B201BB21F0040C576 /* StationTableViewCell.swift */; };
		F4162B8E201BB21F0040C576 /* StationTableViewCell.xib in Resources */ = {isa = PBXBuildFile; fileRef = F4162B8C201BB21F0040C576 /* StationTableViewCell.xib */; };
		F4162B94201BBBAD0040C576 /* station_cell_pin.png in Resources */ = {isa = PBXBuildFile; fileRef = F4162B93201BBBAD0040C576 /* station_cell_pin.png */; };
		F4162B9F201BBFB20040C576 /* MeasurementPointViewController.swift in Sources */ = {isa = PBXBuildFile; fileRef = F4162B9E201BBFB20040C576 /* MeasurementPointViewController.swift */; };
		F4162BA4201C6C010040C576 /* IdentifiableDTO.swift in Sources */ = {isa = PBXBuildFile; fileRef = F4162BA3201C6C010040C576 /* IdentifiableDTO.swift */; };
		F4162BA6201C76210040C576 /* MeasurementPointDTO.swift in Sources */ = {isa = PBXBuildFile; fileRef = F4162BA5201C76210040C576 /* MeasurementPointDTO.swift */; };
		F4162BA8201C78A40040C576 /* ParamDTO.swift in Sources */ = {isa = PBXBuildFile; fileRef = F4162BA7201C78A40040C576 /* ParamDTO.swift */; };
		F4162BAB201C7CD60040C576 /* MeasurementPointTableViewCell.swift in Sources */ = {isa = PBXBuildFile; fileRef = F4162BA9201C7CD60040C576 /* MeasurementPointTableViewCell.swift */; };
		F4162BAC201C7CD60040C576 /* MeasurementPointTableViewCell.xib in Resources */ = {isa = PBXBuildFile; fileRef = F4162BAA201C7CD60040C576 /* MeasurementPointTableViewCell.xib */; };
		F4162BAE201C8B2C0040C576 /* SmogLevelDTO.swift in Sources */ = {isa = PBXBuildFile; fileRef = F4162BAD201C8B2B0040C576 /* SmogLevelDTO.swift */; };
		F4162BB0201C8B760040C576 /* LevelDTO.swift in Sources */ = {isa = PBXBuildFile; fileRef = F4162BAF201C8B760040C576 /* LevelDTO.swift */; };
		F4162BB3201F97730040C576 /* SensorDataDTO.swift in Sources */ = {isa = PBXBuildFile; fileRef = F4162BB2201F97730040C576 /* SensorDataDTO.swift */; };
		F4162BBE202079600040C576 /* ValueDataDTO.swift in Sources */ = {isa = PBXBuildFile; fileRef = F4162BBD202079600040C576 /* ValueDataDTO.swift */; };
		F42C1560202108CD00D1D745 /* BarChartViewController.swift in Sources */ = {isa = PBXBuildFile; fileRef = F42C155F202108CD00D1D745 /* BarChartViewController.swift */; };
		F42C1565202123BE00D1D745 /* DateValueFormatter.swift in Sources */ = {isa = PBXBuildFile; fileRef = F42C1564202123BE00D1D745 /* DateValueFormatter.swift */; };
		F4442D012020F9F200D7D8A0 /* SmogInfoTests.swift in Sources */ = {isa = PBXBuildFile; fileRef = F4442D002020F9F200D7D8A0 /* SmogInfoTests.swift */; };
		F4B30BB2201659D300ECF803 /* AppDelegate.swift in Sources */ = {isa = PBXBuildFile; fileRef = F4B30BB1201659D300ECF803 /* AppDelegate.swift */; };
		F4B30BB4201659D300ECF803 /* StationViewController.swift in Sources */ = {isa = PBXBuildFile; fileRef = F4B30BB3201659D300ECF803 /* StationViewController.swift */; };
		F4B30BB7201659D300ECF803 /* Main.storyboard in Resources */ = {isa = PBXBuildFile; fileRef = F4B30BB5201659D300ECF803 /* Main.storyboard */; };
		F4B30BB9201659D300ECF803 /* Assets.xcassets in Resources */ = {isa = PBXBuildFile; fileRef = F4B30BB8201659D300ECF803 /* Assets.xcassets */; };
		F4B30BBC201659D300ECF803 /* LaunchScreen.storyboard in Resources */ = {isa = PBXBuildFile; fileRef = F4B30BBA201659D300ECF803 /* LaunchScreen.storyboard */; };
		F4B30BC720166B8500ECF803 /* SmogRequest.swift in Sources */ = {isa = PBXBuildFile; fileRef = F4B30BC620166B8500ECF803 /* SmogRequest.swift */; };
		F4B30BD72017BDE600ECF803 /* StationDTO.swift in Sources */ = {isa = PBXBuildFile; fileRef = F4B30BD62017BDE600ECF803 /* StationDTO.swift */; };
/* End PBXBuildFile section */

/* Begin PBXContainerItemProxy section */
		F4162BB9202077660040C576 /* PBXContainerItemProxy */ = {
			isa = PBXContainerItemProxy;
			containerPortal = F4B30BC820168B1400ECF803 /* Pods.xcodeproj */;
			proxyType = 2;
			remoteGlobalIDString = 30A44A5D302134160FDA99457636FE21;
			remoteInfo = Charts;
		};
		F4442D032020F9F200D7D8A0 /* PBXContainerItemProxy */ = {
			isa = PBXContainerItemProxy;
			containerPortal = F4B30BA6201659D300ECF803 /* Project object */;
			proxyType = 1;
			remoteGlobalIDString = F4B30BAD201659D300ECF803;
			remoteInfo = SmogInfo;
		};
		F4B30BCD20168B1400ECF803 /* PBXContainerItemProxy */ = {
			isa = PBXContainerItemProxy;
			containerPortal = F4B30BC820168B1400ECF803 /* Pods.xcodeproj */;
			proxyType = 2;
			remoteGlobalIDString = AA7AACC4AC4415A5F4DB439AC1EB8B1A;
			remoteInfo = Alamofire;
		};
		F4B30BCF20168B1400ECF803 /* PBXContainerItemProxy */ = {
			isa = PBXContainerItemProxy;
			containerPortal = F4B30BC820168B1400ECF803 /* Pods.xcodeproj */;
			proxyType = 2;
			remoteGlobalIDString = AAA14D0512C96845A22403B492AA645E;
			remoteInfo = "Pods-SmogInfo";
		};
/* End PBXContainerItemProxy section */

/* Begin PBXFileReference section */
		32BACB891A6686E0D91CB0D3 /* Pods_SmogInfo.framework */ = {isa = PBXFileReference; explicitFileType = wrapper.framework; includeInIndex = 0; path = Pods_SmogInfo.framework; sourceTree = BUILT_PRODUCTS_DIR; };
		37B6786E7918FD56E7EBBDB2 /* Pods-SmogInfo.debug.xcconfig */ = {isa = PBXFileReference; includeInIndex = 1; lastKnownFileType = text.xcconfig; name = "Pods-SmogInfo.debug.xcconfig"; path = "Pods/Target Support Files/Pods-SmogInfo/Pods-SmogInfo.debug.xcconfig"; sourceTree = "<group>"; };
		EED096E8D861CF7EC5540132 /* Pods-SmogInfo.release.xcconfig */ = {isa = PBXFileReference; includeInIndex = 1; lastKnownFileType = text.xcconfig; name = "Pods-SmogInfo.release.xcconfig"; path = "Pods/Target Support Files/Pods-SmogInfo/Pods-SmogInfo.release.xcconfig"; sourceTree = "<group>"; };
		F4162B8B201BB21F0040C576 /* StationTableViewCell.swift */ = {isa = PBXFileReference; lastKnownFileType = sourcecode.swift; path = StationTableViewCell.swift; sourceTree = "<group>"; };
		F4162B8C201BB21F0040C576 /* StationTableViewCell.xib */ = {isa = PBXFileReference; lastKnownFileType = file.xib; path = StationTableViewCell.xib; sourceTree = "<group>"; };
		F4162B93201BBBAD0040C576 /* station_cell_pin.png */ = {isa = PBXFileReference; lastKnownFileType = image.png; path = station_cell_pin.png; sourceTree = "<group>"; };
		F4162B9E201BBFB20040C576 /* MeasurementPointViewController.swift */ = {isa = PBXFileReference; lastKnownFileType = sourcecode.swift; path = MeasurementPointViewController.swift; sourceTree = "<group>"; };
		F4162BA3201C6C010040C576 /* IdentifiableDTO.swift */ = {isa = PBXFileReference; lastKnownFileType = sourcecode.swift; path = IdentifiableDTO.swift; sourceTree = "<group>"; };
		F4162BA5201C76210040C576 /* MeasurementPointDTO.swift */ = {isa = PBXFileReference; lastKnownFileType = sourcecode.swift; path = MeasurementPointDTO.swift; sourceTree = "<group>"; };
		F4162BA7201C78A40040C576 /* ParamDTO.swift */ = {isa = PBXFileReference; lastKnownFileType = sourcecode.swift; path = ParamDTO.swift; sourceTree = "<group>"; };
		F4162BA9201C7CD60040C576 /* MeasurementPointTableViewCell.swift */ = {isa = PBXFileReference; lastKnownFileType = sourcecode.swift; path = MeasurementPointTableViewCell.swift; sourceTree = "<group>"; };
		F4162BAA201C7CD60040C576 /* MeasurementPointTableViewCell.xib */ = {isa = PBXFileReference; lastKnownFileType = file.xib; path = MeasurementPointTableViewCell.xib; sourceTree = "<group>"; };
		F4162BAD201C8B2B0040C576 /* SmogLevelDTO.swift */ = {isa = PBXFileReference; lastKnownFileType = sourcecode.swift; path = SmogLevelDTO.swift; sourceTree = "<group>"; };
		F4162BAF201C8B760040C576 /* LevelDTO.swift */ = {isa = PBXFileReference; lastKnownFileType = sourcecode.swift; path = LevelDTO.swift; sourceTree = "<group>"; };
		F4162BB2201F97730040C576 /* SensorDataDTO.swift */ = {isa = PBXFileReference; lastKnownFileType = sourcecode.swift; path = SensorDataDTO.swift; sourceTree = "<group>"; };
		F4162BBD202079600040C576 /* ValueDataDTO.swift */ = {isa = PBXFileReference; lastKnownFileType = sourcecode.swift; path = ValueDataDTO.swift; sourceTree = "<group>"; };
		F42C155F202108CD00D1D745 /* BarChartViewController.swift */ = {isa = PBXFileReference; lastKnownFileType = sourcecode.swift; path = BarChartViewController.swift; sourceTree = "<group>"; };
		F42C1564202123BE00D1D745 /* DateValueFormatter.swift */ = {isa = PBXFileReference; lastKnownFileType = sourcecode.swift; path = DateValueFormatter.swift; sourceTree = "<group>"; };
		F4442CFE2020F9F100D7D8A0 /* SmogInfoTests.xctest */ = {isa = PBXFileReference; explicitFileType = wrapper.cfbundle; includeInIndex = 0; path = SmogInfoTests.xctest; sourceTree = BUILT_PRODUCTS_DIR; };
		F4442D002020F9F200D7D8A0 /* SmogInfoTests.swift */ = {isa = PBXFileReference; lastKnownFileType = sourcecode.swift; path = SmogInfoTests.swift; sourceTree = "<group>"; };
		F4442D022020F9F200D7D8A0 /* Info.plist */ = {isa = PBXFileReference; lastKnownFileType = text.plist.xml; path = Info.plist; sourceTree = "<group>"; };
		F4B30BAE201659D300ECF803 /* SmogInfo.app */ = {isa = PBXFileReference; explicitFileType = wrapper.application; includeInIndex = 0; path = SmogInfo.app; sourceTree = BUILT_PRODUCTS_DIR; };
		F4B30BB1201659D300ECF803 /* AppDelegate.swift */ = {isa = PBXFileReference; lastKnownFileType = sourcecode.swift; path = AppDelegate.swift; sourceTree = "<group>"; };
		F4B30BB3201659D300ECF803 /* StationViewController.swift */ = {isa = PBXFileReference; lastKnownFileType = sourcecode.swift; path = StationViewController.swift; sourceTree = "<group>"; };
		F4B30BB6201659D300ECF803 /* Base */ = {isa = PBXFileReference; lastKnownFileType = file.storyboard; name = Base; path = Base.lproj/Main.storyboard; sourceTree = "<group>"; };
		F4B30BB8201659D300ECF803 /* Assets.xcassets */ = {isa = PBXFileReference; lastKnownFileType = folder.assetcatalog; path = Assets.xcassets; sourceTree = "<group>"; };
		F4B30BBB201659D300ECF803 /* Base */ = {isa = PBXFileReference; lastKnownFileType = file.storyboard; name = Base; path = Base.lproj/LaunchScreen.storyboard; sourceTree = "<group>"; };
		F4B30BBD201659D300ECF803 /* Info.plist */ = {isa = PBXFileReference; lastKnownFileType = text.plist.xml; path = Info.plist; sourceTree = "<group>"; };
		F4B30BC620166B8500ECF803 /* SmogRequest.swift */ = {isa = PBXFileReference; lastKnownFileType = sourcecode.swift; path = SmogRequest.swift; sourceTree = "<group>"; };
		F4B30BC820168B1400ECF803 /* Pods.xcodeproj */ = {isa = PBXFileReference; lastKnownFileType = "wrapper.pb-project"; name = Pods.xcodeproj; path = Pods/Pods.xcodeproj; sourceTree = "<group>"; };
		F4B30BD62017BDE600ECF803 /* StationDTO.swift */ = {isa = PBXFileReference; lastKnownFileType = sourcecode.swift; path = StationDTO.swift; sourceTree = "<group>"; };
/* End PBXFileReference section */

/* Begin PBXFrameworksBuildPhase section */
		F4442CFB2020F9F100D7D8A0 /* Frameworks */ = {
			isa = PBXFrameworksBuildPhase;
			buildActionMask = 2147483647;
			files = (
			);
			runOnlyForDeploymentPostprocessing = 0;
		};
		F4B30BAB201659D300ECF803 /* Frameworks */ = {
			isa = PBXFrameworksBuildPhase;
			buildActionMask = 2147483647;
			files = (
				616654EC41BD1B7183A379FE /* Pods_SmogInfo.framework in Frameworks */,
			);
			runOnlyForDeploymentPostprocessing = 0;
		};
/* End PBXFrameworksBuildPhase section */

/* Begin PBXGroup section */
		39C5C86D3E5932837FEBF401 /* Pods */ = {
			isa = PBXGroup;
			children = (
				37B6786E7918FD56E7EBBDB2 /* Pods-SmogInfo.debug.xcconfig */,
				EED096E8D861CF7EC5540132 /* Pods-SmogInfo.release.xcconfig */,
			);
			name = Pods;
			sourceTree = "<group>";
		};
		66A950AE7021B8C4E067F944 /* Frameworks */ = {
			isa = PBXGroup;
			children = (
				32BACB891A6686E0D91CB0D3 /* Pods_SmogInfo.framework */,
			);
			name = Frameworks;
			sourceTree = "<group>";
		};
		F4162B9C201BBEF50040C576 /* Station */ = {
			isa = PBXGroup;
			children = (
				F4162B93201BBBAD0040C576 /* station_cell_pin.png */,
				F4B30BB3201659D300ECF803 /* StationViewController.swift */,
				F4162B8B201BB21F0040C576 /* StationTableViewCell.swift */,
				F4162B8C201BB21F0040C576 /* StationTableViewCell.xib */,
				F4B30BD62017BDE600ECF803 /* StationDTO.swift */,
			);
			path = Station;
			sourceTree = "<group>";
		};
		F4162B9D201BBF520040C576 /* MeasurementPoint */ = {
			isa = PBXGroup;
			children = (
				F4162BB1201C8C170040C576 /* DTO */,
				F4162B9E201BBFB20040C576 /* MeasurementPointViewController.swift */,
				F4162BA9201C7CD60040C576 /* MeasurementPointTableViewCell.swift */,
				F4162BAA201C7CD60040C576 /* MeasurementPointTableViewCell.xib */,
			);
			path = MeasurementPoint;
			sourceTree = "<group>";
		};
		F4162BA0201C65480040C576 /* Common */ = {
			isa = PBXGroup;
			children = (
				F4B30BC620166B8500ECF803 /* SmogRequest.swift */,
				F4162BA3201C6C010040C576 /* IdentifiableDTO.swift */,
			);
			path = Common;
			sourceTree = "<group>";
		};
		F4162BB1201C8C170040C576 /* DTO */ = {
			isa = PBXGroup;
			children = (
				F4162BA5201C76210040C576 /* MeasurementPointDTO.swift */,
				F4162BA7201C78A40040C576 /* ParamDTO.swift */,
				F4162BAD201C8B2B0040C576 /* SmogLevelDTO.swift */,
				F4162BAF201C8B760040C576 /* LevelDTO.swift */,
				F4162BB2201F97730040C576 /* SensorDataDTO.swift */,
				F4162BBD202079600040C576 /* ValueDataDTO.swift */,
			);
			path = DTO;
			sourceTree = "<group>";
		};
		F4162BB5202077660040C576 /* Chart */ = {
			isa = PBXGroup;
			children = (
				F42C155F202108CD00D1D745 /* BarChartViewController.swift */,
				F42C1564202123BE00D1D745 /* DateValueFormatter.swift */,
			);
			path = Chart;
			sourceTree = "<group>";
		};
		F4442CFF2020F9F200D7D8A0 /* SmogInfoTests */ = {
			isa = PBXGroup;
			children = (
				F4442D002020F9F200D7D8A0 /* SmogInfoTests.swift */,
				F4442D022020F9F200D7D8A0 /* Info.plist */,
			);
			path = SmogInfoTests;
			sourceTree = "<group>";
		};
		F4B30BA5201659D300ECF803 = {
			isa = PBXGroup;
			children = (
				F4B30BC820168B1400ECF803 /* Pods.xcodeproj */,
				F4B30BB0201659D300ECF803 /* SmogInfo */,
				F4442CFF2020F9F200D7D8A0 /* SmogInfoTests */,
				F4B30BAF201659D300ECF803 /* Products */,
				39C5C86D3E5932837FEBF401 /* Pods */,
				66A950AE7021B8C4E067F944 /* Frameworks */,
			);
			sourceTree = "<group>";
		};
		F4B30BAF201659D300ECF803 /* Products */ = {
			isa = PBXGroup;
			children = (
				F4B30BAE201659D300ECF803 /* SmogInfo.app */,
				F4442CFE2020F9F100D7D8A0 /* SmogInfoTests.xctest */,
			);
			name = Products;
			sourceTree = "<group>";
		};
		F4B30BB0201659D300ECF803 /* SmogInfo */ = {
			isa = PBXGroup;
			children = (
				F4B30BC520166AFF00ECF803 /* Smog */,
				F4B30BB1201659D300ECF803 /* AppDelegate.swift */,
				F4B30BB5201659D300ECF803 /* Main.storyboard */,
				F4B30BB8201659D300ECF803 /* Assets.xcassets */,
				F4B30BBA201659D300ECF803 /* LaunchScreen.storyboard */,
				F4B30BBD201659D300ECF803 /* Info.plist */,
			);
			path = SmogInfo;
			sourceTree = "<group>";
		};
		F4B30BC520166AFF00ECF803 /* Smog */ = {
			isa = PBXGroup;
			children = (
				F4162BB5202077660040C576 /* Chart */,
				F4162BA0201C65480040C576 /* Common */,
				F4162B9D201BBF520040C576 /* MeasurementPoint */,
				F4162B9C201BBEF50040C576 /* Station */,
			);
			path = Smog;
			sourceTree = "<group>";
		};
		F4B30BC920168B1400ECF803 /* Products */ = {
			isa = PBXGroup;
			children = (
				F4B30BCE20168B1400ECF803 /* Alamofire.framework */,
				F4162BBA202077660040C576 /* Charts.framework */,
				F4B30BD020168B1400ECF803 /* Pods_SmogInfo.framework */,
			);
			name = Products;
			sourceTree = "<group>";
		};
/* End PBXGroup section */

/* Begin PBXNativeTarget section */
		F4442CFD2020F9F100D7D8A0 /* SmogInfoTests */ = {
			isa = PBXNativeTarget;
			buildConfigurationList = F4442D0A2020F9F200D7D8A0 /* Build configuration list for PBXNativeTarget "SmogInfoTests" */;
			buildPhases = (
				F4442CFA2020F9F100D7D8A0 /* Sources */,
				F4442CFB2020F9F100D7D8A0 /* Frameworks */,
				F4442CFC2020F9F100D7D8A0 /* Resources */,
			);
			buildRules = (
			);
			dependencies = (
				F4442D042020F9F200D7D8A0 /* PBXTargetDependency */,
			);
			name = SmogInfoTests;
			productName = SmogInfoTests;
			productReference = F4442CFE2020F9F100D7D8A0 /* SmogInfoTests.xctest */;
			productType = "com.apple.product-type.bundle.unit-test";
		};
		F4B30BAD201659D300ECF803 /* SmogInfo */ = {
			isa = PBXNativeTarget;
			buildConfigurationList = F4B30BC0201659D300ECF803 /* Build configuration list for PBXNativeTarget "SmogInfo" */;
			buildPhases = (
				8BA1F93BE5C7BDE1473E0322 /* [CP] Check Pods Manifest.lock */,
				F4B30BAA201659D300ECF803 /* Sources */,
				F4B30BAB201659D300ECF803 /* Frameworks */,
				F4B30BAC201659D300ECF803 /* Resources */,
				5D5F073418D49A949201FE35 /* [CP] Embed Pods Frameworks */,
				BC23CE4B4ED602E1FE58667A /* [CP] Copy Pods Resources */,
			);
			buildRules = (
			);
			dependencies = (
			);
			name = SmogInfo;
			productName = SmogInfo;
			productReference = F4B30BAE201659D300ECF803 /* SmogInfo.app */;
			productType = "com.apple.product-type.application";
		};
/* End PBXNativeTarget section */

/* Begin PBXProject section */
		F4B30BA6201659D300ECF803 /* Project object */ = {
			isa = PBXProject;
			attributes = {
				LastSwiftUpdateCheck = 0920;
				LastUpgradeCheck = 0920;
				ORGANIZATIONNAME = cookieIT;
				TargetAttributes = {
					F4442CFD2020F9F100D7D8A0 = {
						CreatedOnToolsVersion = 9.2;
						ProvisioningStyle = Automatic;
						TestTargetID = F4B30BAD201659D300ECF803;
					};
					F4B30BAD201659D300ECF803 = {
						CreatedOnToolsVersion = 9.2;
						ProvisioningStyle = Automatic;
					};
				};
			};
			buildConfigurationList = F4B30BA9201659D300ECF803 /* Build configuration list for PBXProject "SmogInfo" */;
			compatibilityVersion = "Xcode 8.0";
			developmentRegion = en;
			hasScannedForEncodings = 0;
			knownRegions = (
				en,
				Base,
			);
			mainGroup = F4B30BA5201659D300ECF803;
			productRefGroup = F4B30BAF201659D300ECF803 /* Products */;
			projectDirPath = "";
			projectReferences = (
				{
					ProductGroup = F4B30BC920168B1400ECF803 /* Products */;
					ProjectRef = F4B30BC820168B1400ECF803 /* Pods.xcodeproj */;
				},
			);
			projectRoot = "";
			targets = (
				F4B30BAD201659D300ECF803 /* SmogInfo */,
				F4442CFD2020F9F100D7D8A0 /* SmogInfoTests */,
			);
		};
/* End PBXProject section */

/* Begin PBXReferenceProxy section */
		F4162BBA202077660040C576 /* Charts.framework */ = {
			isa = PBXReferenceProxy;
			fileType = wrapper.framework;
			path = Charts.framework;
			remoteRef = F4162BB9202077660040C576 /* PBXContainerItemProxy */;
			sourceTree = BUILT_PRODUCTS_DIR;
		};
		F4B30BCE20168B1400ECF803 /* Alamofire.framework */ = {
			isa = PBXReferenceProxy;
			fileType = wrapper.framework;
			path = Alamofire.framework;
			remoteRef = F4B30BCD20168B1400ECF803 /* PBXContainerItemProxy */;
			sourceTree = BUILT_PRODUCTS_DIR;
		};
		F4B30BD020168B1400ECF803 /* Pods_SmogInfo.framework */ = {
			isa = PBXReferenceProxy;
			fileType = wrapper.framework;
			path = Pods_SmogInfo.framework;
			remoteRef = F4B30BCF20168B1400ECF803 /* PBXContainerItemProxy */;
			sourceTree = BUILT_PRODUCTS_DIR;
		};
/* End PBXReferenceProxy section */

/* Begin PBXResourcesBuildPhase section */
		F4442CFC2020F9F100D7D8A0 /* Resources */ = {
			isa = PBXResourcesBuildPhase;
			buildActionMask = 2147483647;
			files = (
			);
			runOnlyForDeploymentPostprocessing = 0;
		};
		F4B30BAC201659D300ECF803 /* Resources */ = {
			isa = PBXResourcesBuildPhase;
			buildActionMask = 2147483647;
			files = (
				F4162B94201BBBAD0040C576 /* station_cell_pin.png in Resources */,
				F4B30BBC201659D300ECF803 /* LaunchScreen.storyboard in Resources */,
				F4B30BB9201659D300ECF803 /* Assets.xcassets in Resources */,
				F4162B8E201BB21F0040C576 /* StationTableViewCell.xib in Resources */,
				F4B30BB7201659D300ECF803 /* Main.storyboard in Resources */,
				F4162BAC201C7CD60040C576 /* MeasurementPointTableViewCell.xib in Resources */,
			);
			runOnlyForDeploymentPostprocessing = 0;
		};
/* End PBXResourcesBuildPhase section */

/* Begin PBXShellScriptBuildPhase section */
		5D5F073418D49A949201FE35 /* [CP] Embed Pods Frameworks */ = {
			isa = PBXShellScriptBuildPhase;
			buildActionMask = 2147483647;
			files = (
			);
			inputPaths = (
				"${SRCROOT}/Pods/Target Support Files/Pods-SmogInfo/Pods-SmogInfo-frameworks.sh",
				"${BUILT_PRODUCTS_DIR}/Alamofire/Alamofire.framework",
				"${BUILT_PRODUCTS_DIR}/Charts/Charts.framework",
			);
			name = "[CP] Embed Pods Frameworks";
			outputPaths = (
				"${TARGET_BUILD_DIR}/${FRAMEWORKS_FOLDER_PATH}/Alamofire.framework",
				"${TARGET_BUILD_DIR}/${FRAMEWORKS_FOLDER_PATH}/Charts.framework",
			);
			runOnlyForDeploymentPostprocessing = 0;
			shellPath = /bin/sh;
			shellScript = "\"${SRCROOT}/Pods/Target Support Files/Pods-SmogInfo/Pods-SmogInfo-frameworks.sh\"\n";
			showEnvVarsInLog = 0;
		};
		8BA1F93BE5C7BDE1473E0322 /* [CP] Check Pods Manifest.lock */ = {
			isa = PBXShellScriptBuildPhase;
			buildActionMask = 2147483647;
			files = (
			);
			inputPaths = (
				"${PODS_PODFILE_DIR_PATH}/Podfile.lock",
				"${PODS_ROOT}/Manifest.lock",
			);
			name = "[CP] Check Pods Manifest.lock";
			outputPaths = (
				"$(DERIVED_FILE_DIR)/Pods-SmogInfo-checkManifestLockResult.txt",
			);
			runOnlyForDeploymentPostprocessing = 0;
			shellPath = /bin/sh;
			shellScript = "diff \"${PODS_PODFILE_DIR_PATH}/Podfile.lock\" \"${PODS_ROOT}/Manifest.lock\" > /dev/null\nif [ $? != 0 ] ; then\n    # print error to STDERR\n    echo \"error: The sandbox is not in sync with the Podfile.lock. Run 'pod install' or update your CocoaPods installation.\" >&2\n    exit 1\nfi\n# This output is used by Xcode 'outputs' to avoid re-running this script phase.\necho \"SUCCESS\" > \"${SCRIPT_OUTPUT_FILE_0}\"\n";
			showEnvVarsInLog = 0;
		};
		BC23CE4B4ED602E1FE58667A /* [CP] Copy Pods Resources */ = {
			isa = PBXShellScriptBuildPhase;
			buildActionMask = 2147483647;
			files = (
			);
			inputPaths = (
			);
			name = "[CP] Copy Pods Resources";
			outputPaths = (
			);
			runOnlyForDeploymentPostprocessing = 0;
			shellPath = /bin/sh;
			shellScript = "\"${SRCROOT}/Pods/Target Support Files/Pods-SmogInfo/Pods-SmogInfo-resources.sh\"\n";
			showEnvVarsInLog = 0;
		};
/* End PBXShellScriptBuildPhase section */

/* Begin PBXSourcesBuildPhase section */
		F4442CFA2020F9F100D7D8A0 /* Sources */ = {
			isa = PBXSourcesBuildPhase;
			buildActionMask = 2147483647;
			files = (
				F4442D012020F9F200D7D8A0 /* SmogInfoTests.swift in Sources */,
			);
			runOnlyForDeploymentPostprocessing = 0;
		};
		F4B30BAA201659D300ECF803 /* Sources */ = {
			isa = PBXSourcesBuildPhase;
			buildActionMask = 2147483647;
			files = (
				F4B30BB4201659D300ECF803 /* StationViewController.swift in Sources */,
				F4162BB3201F97730040C576 /* SensorDataDTO.swift in Sources */,
				F42C1565202123BE00D1D745 /* DateValueFormatter.swift in Sources */,
				F4162BAE201C8B2C0040C576 /* SmogLevelDTO.swift in Sources */,
				F4162B9F201BBFB20040C576 /* MeasurementPointViewController.swift in Sources */,
				F4162B8D201BB21F0040C576 /* StationTableViewCell.swift in Sources */,
				F4162BB0201C8B760040C576 /* LevelDTO.swift in Sources */,
				F4162BBE202079600040C576 /* ValueDataDTO.swift in Sources */,
				F4162BA6201C76210040C576 /* MeasurementPointDTO.swift in Sources */,
				F4B30BB2201659D300ECF803 /* AppDelegate.swift in Sources */,
				F4162BA4201C6C010040C576 /* IdentifiableDTO.swift in Sources */,
				F4162BA8201C78A40040C576 /* ParamDTO.swift in Sources */,
				F4162BAB201C7CD60040C576 /* MeasurementPointTableViewCell.swift in Sources */,
				F42C1560202108CD00D1D745 /* BarChartViewController.swift in Sources */,
				F4B30BD72017BDE600ECF803 /* StationDTO.swift in Sources */,
				F4B30BC720166B8500ECF803 /* SmogRequest.swift in Sources */,
			);
			runOnlyForDeploymentPostprocessing = 0;
		};
/* End PBXSourcesBuildPhase section */

/* Begin PBXTargetDependency section */
		F4442D042020F9F200D7D8A0 /* PBXTargetDependency */ = {
			isa = PBXTargetDependency;
			target = F4B30BAD201659D300ECF803 /* SmogInfo */;
			targetProxy = F4442D032020F9F200D7D8A0 /* PBXContainerItemProxy */;
		};
/* End PBXTargetDependency section */

/* Begin PBXVariantGroup section */
		F4B30BB5201659D300ECF803 /* Main.storyboard */ = {
			isa = PBXVariantGroup;
			children = (
				F4B30BB6201659D300ECF803 /* Base */,
			);
			name = Main.storyboard;
			sourceTree = "<group>";
		};
		F4B30BBA201659D300ECF803 /* LaunchScreen.storyboard */ = {
			isa = PBXVariantGroup;
			children = (
				F4B30BBB201659D300ECF803 /* Base */,
			);
			name = LaunchScreen.storyboard;
			sourceTree = "<group>";
		};
/* End PBXVariantGroup section */

/* Begin XCBuildConfiguration section */
		F4442D052020F9F200D7D8A0 /* Debug */ = {
			isa = XCBuildConfiguration;
			buildSettings = {
				BUNDLE_LOADER = "$(TEST_HOST)";
				CODE_SIGN_STYLE = Automatic;
				DEVELOPMENT_TEAM = 3WX8N7V925;
				INFOPLIST_FILE = SmogInfoTests/Info.plist;
				LD_RUNPATH_SEARCH_PATHS = "$(inherited) @executable_path/Frameworks @loader_path/Frameworks";
				PRODUCT_BUNDLE_IDENTIFIER = pl.cookieIT.smogInfo.SmogInfoTests;
				PRODUCT_NAME = "$(TARGET_NAME)";
				SWIFT_VERSION = 4.0;
				TARGETED_DEVICE_FAMILY = "1,2";
				TEST_HOST = "$(BUILT_PRODUCTS_DIR)/SmogInfo.app/SmogInfo";
			};
			name = Debug;
		};
		F4442D062020F9F200D7D8A0 /* Release */ = {
			isa = XCBuildConfiguration;
			buildSettings = {
				BUNDLE_LOADER = "$(TEST_HOST)";
				CODE_SIGN_STYLE = Automatic;
				DEVELOPMENT_TEAM = 3WX8N7V925;
				INFOPLIST_FILE = SmogInfoTests/Info.plist;
				LD_RUNPATH_SEARCH_PATHS = "$(inherited) @executable_path/Frameworks @loader_path/Frameworks";
				PRODUCT_BUNDLE_IDENTIFIER = pl.cookieIT.smogInfo.SmogInfoTests;
				PRODUCT_NAME = "$(TARGET_NAME)";
				SWIFT_VERSION = 4.0;
				TARGETED_DEVICE_FAMILY = "1,2";
				TEST_HOST = "$(BUILT_PRODUCTS_DIR)/SmogInfo.app/SmogInfo";
			};
			name = Release;
		};
		F4B30BBE201659D300ECF803 /* Debug */ = {
			isa = XCBuildConfiguration;
			buildSettings = {
				ALWAYS_SEARCH_USER_PATHS = NO;
				CLANG_ANALYZER_NONNULL = YES;
				CLANG_ANALYZER_NUMBER_OBJECT_CONVERSION = YES_AGGRESSIVE;
				CLANG_CXX_LANGUAGE_STANDARD = "gnu++14";
				CLANG_CXX_LIBRARY = "libc++";
				CLANG_ENABLE_MODULES = YES;
				CLANG_ENABLE_OBJC_ARC = YES;
				CLANG_WARN_BLOCK_CAPTURE_AUTORELEASING = YES;
				CLANG_WARN_BOOL_CONVERSION = YES;
				CLANG_WARN_COMMA = YES;
				CLANG_WARN_CONSTANT_CONVERSION = YES;
				CLANG_WARN_DIRECT_OBJC_ISA_USAGE = YES_ERROR;
				CLANG_WARN_DOCUMENTATION_COMMENTS = YES;
				CLANG_WARN_EMPTY_BODY = YES;
				CLANG_WARN_ENUM_CONVERSION = YES;
				CLANG_WARN_INFINITE_RECURSION = YES;
				CLANG_WARN_INT_CONVERSION = YES;
				CLANG_WARN_NON_LITERAL_NULL_CONVERSION = YES;
				CLANG_WARN_OBJC_LITERAL_CONVERSION = YES;
				CLANG_WARN_OBJC_ROOT_CLASS = YES_ERROR;
				CLANG_WARN_RANGE_LOOP_ANALYSIS = YES;
				CLANG_WARN_STRICT_PROTOTYPES = YES;
				CLANG_WARN_SUSPICIOUS_MOVE = YES;
				CLANG_WARN_UNGUARDED_AVAILABILITY = YES_AGGRESSIVE;
				CLANG_WARN_UNREACHABLE_CODE = YES;
				CLANG_WARN__DUPLICATE_METHOD_MATCH = YES;
				CODE_SIGN_IDENTITY = "iPhone Developer";
				COPY_PHASE_STRIP = NO;
				DEBUG_INFORMATION_FORMAT = dwarf;
				ENABLE_STRICT_OBJC_MSGSEND = YES;
				ENABLE_TESTABILITY = YES;
				GCC_C_LANGUAGE_STANDARD = gnu11;
				GCC_DYNAMIC_NO_PIC = NO;
				GCC_NO_COMMON_BLOCKS = YES;
				GCC_OPTIMIZATION_LEVEL = 0;
				GCC_PREPROCESSOR_DEFINITIONS = (
					"DEBUG=1",
					"$(inherited)",
				);
				GCC_WARN_64_TO_32_BIT_CONVERSION = YES;
				GCC_WARN_ABOUT_RETURN_TYPE = YES_ERROR;
				GCC_WARN_UNDECLARED_SELECTOR = YES;
				GCC_WARN_UNINITIALIZED_AUTOS = YES_AGGRESSIVE;
				GCC_WARN_UNUSED_FUNCTION = YES;
				GCC_WARN_UNUSED_VARIABLE = YES;
				IPHONEOS_DEPLOYMENT_TARGET = 11.2;
				MTL_ENABLE_DEBUG_INFO = YES;
				ONLY_ACTIVE_ARCH = YES;
				SDKROOT = iphoneos;
				SWIFT_ACTIVE_COMPILATION_CONDITIONS = DEBUG;
				SWIFT_OPTIMIZATION_LEVEL = "-Onone";
			};
			name = Debug;
		};
		F4B30BBF201659D300ECF803 /* Release */ = {
			isa = XCBuildConfiguration;
			buildSettings = {
				ALWAYS_SEARCH_USER_PATHS = NO;
				CLANG_ANALYZER_NONNULL = YES;
				CLANG_ANALYZER_NUMBER_OBJECT_CONVERSION = YES_AGGRESSIVE;
				CLANG_CXX_LANGUAGE_STANDARD = "gnu++14";
				CLANG_CXX_LIBRARY = "libc++";
				CLANG_ENABLE_MODULES = YES;
				CLANG_ENABLE_OBJC_ARC = YES;
				CLANG_WARN_BLOCK_CAPTURE_AUTORELEASING = YES;
				CLANG_WARN_BOOL_CONVERSION = YES;
				CLANG_WARN_COMMA = YES;
				CLANG_WARN_CONSTANT_CONVERSION = YES;
				CLANG_WARN_DIRECT_OBJC_ISA_USAGE = YES_ERROR;
				CLANG_WARN_DOCUMENTATION_COMMENTS = YES;
				CLANG_WARN_EMPTY_BODY = YES;
				CLANG_WARN_ENUM_CONVERSION = YES;
				CLANG_WARN_INFINITE_RECURSION = YES;
				CLANG_WARN_INT_CONVERSION = YES;
				CLANG_WARN_NON_LITERAL_NULL_CONVERSION = YES;
				CLANG_WARN_OBJC_LITERAL_CONVERSION = YES;
				CLANG_WARN_OBJC_ROOT_CLASS = YES_ERROR;
				CLANG_WARN_RANGE_LOOP_ANALYSIS = YES;
				CLANG_WARN_STRICT_PROTOTYPES = YES;
				CLANG_WARN_SUSPICIOUS_MOVE = YES;
				CLANG_WARN_UNGUARDED_AVAILABILITY = YES_AGGRESSIVE;
				CLANG_WARN_UNREACHABLE_CODE = YES;
				CLANG_WARN__DUPLICATE_METHOD_MATCH = YES;
				CODE_SIGN_IDENTITY = "iPhone Developer";
				COPY_PHASE_STRIP = NO;
				DEBUG_INFORMATION_FORMAT = "dwarf-with-dsym";
				ENABLE_NS_ASSERTIONS = NO;
				ENABLE_STRICT_OBJC_MSGSEND = YES;
				GCC_C_LANGUAGE_STANDARD = gnu11;
				GCC_NO_COMMON_BLOCKS = YES;
				GCC_WARN_64_TO_32_BIT_CONVERSION = YES;
				GCC_WARN_ABOUT_RETURN_TYPE = YES_ERROR;
				GCC_WARN_UNDECLARED_SELECTOR = YES;
				GCC_WARN_UNINITIALIZED_AUTOS = YES_AGGRESSIVE;
				GCC_WARN_UNUSED_FUNCTION = YES;
				GCC_WARN_UNUSED_VARIABLE = YES;
				IPHONEOS_DEPLOYMENT_TARGET = 11.2;
				MTL_ENABLE_DEBUG_INFO = NO;
				SDKROOT = iphoneos;
				SWIFT_OPTIMIZATION_LEVEL = "-Owholemodule";
				VALIDATE_PRODUCT = YES;
			};
			name = Release;
		};
		F4B30BC1201659D300ECF803 /* Debug */ = {
			isa = XCBuildConfiguration;
			baseConfigurationReference = 37B6786E7918FD56E7EBBDB2 /* Pods-SmogInfo.debug.xcconfig */;
			buildSettings = {
				ASSETCATALOG_COMPILER_APPICON_NAME = AppIcon;
				CODE_SIGN_STYLE = Automatic;
				DEVELOPMENT_TEAM = 3WX8N7V925;
				INFOPLIST_FILE = SmogInfo/Info.plist;
				LD_RUNPATH_SEARCH_PATHS = "$(inherited) @executable_path/Frameworks";
				PRODUCT_BUNDLE_IDENTIFIER = pl.cookieIT.smogInfo.SmogInfo;
				PRODUCT_NAME = "$(TARGET_NAME)";
				SWIFT_VERSION = 4.0;
				TARGETED_DEVICE_FAMILY = "1,2";
			};
			name = Debug;
		};
		F4B30BC2201659D300ECF803 /* Release */ = {
			isa = XCBuildConfiguration;
			baseConfigurationReference = EED096E8D861CF7EC5540132 /* Pods-SmogInfo.release.xcconfig */;
			buildSettings = {
				ASSETCATALOG_COMPILER_APPICON_NAME = AppIcon;
				CODE_SIGN_STYLE = Automatic;
				DEVELOPMENT_TEAM = 3WX8N7V925;
				INFOPLIST_FILE = SmogInfo/Info.plist;
				LD_RUNPATH_SEARCH_PATHS = "$(inherited) @executable_path/Frameworks";
				PRODUCT_BUNDLE_IDENTIFIER = pl.cookieIT.smogInfo.SmogInfo;
				PRODUCT_NAME = "$(TARGET_NAME)";
				SWIFT_VERSION = 4.0;
				TARGETED_DEVICE_FAMILY = "1,2";
			};
			name = Release;
		};
/* End XCBuildConfiguration section */

/* Begin XCConfigurationList section */
		F4442D0A2020F9F200D7D8A0 /* Build configuration list for PBXNativeTarget "SmogInfoTests" */ = {
			isa = XCConfigurationList;
			buildConfigurations = (
				F4442D052020F9F200D7D8A0 /* Debug */,
				F4442D062020F9F200D7D8A0 /* Release */,
			);
			defaultConfigurationIsVisible = 0;
			defaultConfigurationName = Release;
		};
		F4B30BA9201659D300ECF803 /* Build configuration list for PBXProject "SmogInfo" */ = {
			isa = XCConfigurationList;
			buildConfigurations = (
				F4B30BBE201659D300ECF803 /* Debug */,
				F4B30BBF201659D300ECF803 /* Release */,
			);
			defaultConfigurationIsVisible = 0;
			defaultConfigurationName = Release;
		};
		F4B30BC0201659D300ECF803 /* Build configuration list for PBXNativeTarget "SmogInfo" */ = {
			isa = XCConfigurationList;
			buildConfigurations = (
				F4B30BC1201659D300ECF803 /* Debug */,
				F4B30BC2201659D300ECF803 /* Release */,
			);
			defaultConfigurationIsVisible = 0;
			defaultConfigurationName = Release;
		};
/* End XCConfigurationList section */
	};
	rootObject = F4B30BA6201659D300ECF803 /* Project object */;
}
